
Microsoft Visual Studio Solution File, Format Version 12.00
# Visual Studio 15
VisualStudioVersion = 15.0.28010.2016
MinimumVisualStudioVersion = 10.0.40219.1
Project("{FAE04EC0-301F-11D3-BF4B-00C04F79EFBC}") = "WindowsFormsApp2", "WindowsFormsApp2\WindowsFormsApp2.csproj", "{962DBC07-4C0C-4C9B-9D70-D3D59CD1A7CE}"
EndProject
Global
	GlobalSection(SolutionConfigurationPlatforms) = preSolution
		Debug|Any CPU = Debug|Any CPU
		Release|Any CPU = Release|Any CPU
	EndGlobalSection
	GlobalSection(ProjectConfigurationPlatforms) = postSolution
		{962DBC07-4C0C-4C9B-9D70-D3D59CD1A7CE}.Debug|Any CPU.ActiveCfg = Debug|Any CPU
		{962DBC07-4C0C-4C9B-9D70-D3D59CD1A7CE}.Debug|Any CPU.Build.0 = Debug|Any CPU
		{962DBC07-4C0C-4C9B-9D70-D3D59CD1A7CE}.Release|Any CPU.ActiveCfg = Release|Any CPU
		{962DBC07-4C0C-4C9B-9D70-D3D59CD1A7CE}.Release|Any CPU.Build.0 = Release|Any CPU
	EndGlobalSection
	GlobalSection(SolutionProperties) = preSolution
		HideSolutionNode = FALSE
	EndGlobalSection
	GlobalSection(ExtensibilityGlobals) = postSolution
		SolutionGuid = {73E44705-3DB9-4B31-BE10-AF35448F9556}
	EndGlobalSection
EndGlobal
