
Microsoft Visual Studio Solution File, Format Version 12.00
# Visual Studio 15
VisualStudioVersion = 15.0.28010.2016
MinimumVisualStudioVersion = 10.0.40219.1
Project("{9A19103F-16F7-4668-BE54-9A1E7A4F7556}") = "Travis.Cripe_HW1_321", "Travis.Cripe_HW1_321\Travis.Cripe_HW1_321.csproj", "{C6D9BF13-7ED0-4A47-93B5-8F971BB3C3F1}"
EndProject
Global
	GlobalSection(SolutionConfigurationPlatforms) = preSolution
		Debug|Any CPU = Debug|Any CPU
		Release|Any CPU = Release|Any CPU
	EndGlobalSection
	GlobalSection(ProjectConfigurationPlatforms) = postSolution
		{C6D9BF13-7ED0-4A47-93B5-8F971BB3C3F1}.Debug|Any CPU.ActiveCfg = Debug|Any CPU
		{C6D9BF13-7ED0-4A47-93B5-8F971BB3C3F1}.Debug|Any CPU.Build.0 = Debug|Any CPU
		{C6D9BF13-7ED0-4A47-93B5-8F971BB3C3F1}.Release|Any CPU.ActiveCfg = Release|Any CPU
		{C6D9BF13-7ED0-4A47-93B5-8F971BB3C3F1}.Release|Any CPU.Build.0 = Release|Any CPU
	EndGlobalSection
	GlobalSection(SolutionProperties) = preSolution
		HideSolutionNode = FALSE
	EndGlobalSection
	GlobalSection(ExtensibilityGlobals) = postSolution
		SolutionGuid = {87A83E3B-173D-47AC-BFE1-2E750DD26EA9}
	EndGlobalSection
EndGlobal
